{
    "_readme": [
        "This file locks the dependencies of your project to a known state",
        "Read more about it at https://getcomposer.org/doc/01-basic-usage.md#composer-lock-the-lock-file",
        "This file is @generated automatically"
    ],
    "hash": "dd6dae7add5fea15a3c1a60b68f447dd",
    "content-hash": "693db0fc97c0433fd25d4df111ca4d22",
    "packages": [
        {
            "name": "payfort/start",
            "version": "0.1.0",
            "source": {
                "type": "git",
                "url": "https://github.com/payfort/start-php.git",
                "reference": "c362a334141886549a1ee2c65c164127958a1de7"
            },
            "dist": {
                "type": "zip",
                "url": "https://api.github.com/repos/payfort/start-php/zipball/c362a334141886549a1ee2c65c164127958a1de7",
                "reference": "c362a334141886549a1ee2c65c164127958a1de7",
                "shasum": ""
            },
            "require-dev": {
                "phpunit/phpunit": "4.2.*"
            },
            "type": "library",
            "autoload": {
                "psr-0": {
                    "Start": "src/",
                    "Start\\Test": "tests/"
                }
            },
            "notification-url": "https://packagist.org/downloads/",
            "authors": [
                {
                    "name": "Yazin",
                    "email": "yazin@payfort.com",
                    "homepage": "https://start.payfort.com/"
                }
            ],
            "description": "Payfort Start makes accepting online payments in the Middle East a piece of cake",
            "keywords": [
                "middle east",
                "online payments",
                "payfort",
                "payments"
            ],
            "time": "2016-02-01 12:07:03"
        }
    ],
    "packages-dev": [],
    "aliases": [],
    "minimum-stability": "stable",
    "stability-flags": [],
    "prefer-stable": false,
    "prefer-lowest": false,
    "platform": [],
    "platform-dev": []
}
